
Microsoft Visual Studio Solution File, Format Version 12.00
# Visual Studio Version 16
VisualStudioVersion = 16.0.31702.278
MinimumVisualStudioVersion = 10.0.40219.1
Project("{FAE04EC0-301F-11D3-BF4B-00C04F79EFBC}") = "CopyGroup", "CopyGroup.csproj", "{C8497D24-5C50-402D-9AC5-52D1853948B0}"
EndProject
Global
	GlobalSection(SolutionConfigurationPlatforms) = preSolution
		Debug|Any CPU = Debug|Any CPU
		Release|Any CPU = Release|Any CPU
	EndGlobalSection
	GlobalSection(ProjectConfigurationPlatforms) = postSolution
		{C8497D24-5C50-402D-9AC5-52D1853948B0}.Debug|Any CPU.ActiveCfg = Debug|Any CPU
		{C8497D24-5C50-402D-9AC5-52D1853948B0}.Debug|Any CPU.Build.0 = Debug|Any CPU
		{C8497D24-5C50-402D-9AC5-52D1853948B0}.Release|Any CPU.ActiveCfg = Release|Any CPU
		{C8497D24-5C50-402D-9AC5-52D1853948B0}.Release|Any CPU.Build.0 = Release|Any CPU
	EndGlobalSection
	GlobalSection(SolutionProperties) = preSolution
		HideSolutionNode = FALSE
	EndGlobalSection
	GlobalSection(ExtensibilityGlobals) = postSolution
		SolutionGuid = {88C3493E-8AFC-439B-9721-90B6394BA8C7}
	EndGlobalSection
EndGlobal
